dependencies:
- name: secrets
  repository: ""
  version: 0.1.10
- name: metrics
  repository: ""
  version: 1.4.22
- name: nms
  repository: ""
  version: 0.1.11
- name: logging
  repository: ""
  version: 0.1.10
- name: orc8rlib
  repository: file://../orc8rlib
  version: 0.1.2
digest: sha256:73383945a6f49b14bad2d42ffc0223286cd1d3f106319efc3739dc494547f08c
generated: "2021-04-06T16:10:45.754709-07:00"
