dependencies:
- name: secrets
  repository: ""
  version: 0.1.10
- name: metrics
  repository: ""
  version: 1.4.23
- name: nms
  repository: ""
  version: 0.1.11
- name: logging
  repository: ""
  version: 0.1.10
- name: orc8rlib
  repository: file://../orc8rlib
  version: 0.1.2
digest: sha256:2b5a47a7b02c15ee9bd2a740f542f54c6068da49711e6d4fed063f5423b07d2e
generated: "2021-06-10T08:49:34.426804-07:00"
