dependencies:
- name: secrets
  repository: ""
  version: 0.1.9
- name: metrics
  repository: ""
  version: 1.4.19
- name: nms
  repository: ""
  version: 0.1.7
- name: logging
  repository: ""
  version: 0.1.10
- name: orc8rlib
  repository: file://../orc8rlib
  version: 0.1.2
digest: sha256:f6abbd15f163b949cde9a6ad247ee61d4ee2525f1a3f947baadce46643006144
generated: "2020-12-03T00:08:50.125115-07:00"
