dependencies:
- name: secrets
  repository: ""
  version: 0.1.3
- name: metrics
  repository: ""
  version: 0.1.1
- name: nms
  repository: ""
  version: 0.1.0
- name: logging
  repository: ""
  version: 0.1.5
digest: sha256:cedff42b68c8313013e69d2e1df2273b9929e78a1e699d78d7fa1afa3b154545
generated: "2019-11-05T12:05:24.037374-08:00"
